{
  "name": "uint512",
  "version": "1.0.0",
  "lockfileVersion": 2,
  "requires": true,
  "packages": {
    "": {
      "name": "uint512",
      "version": "1.0.0",
      "license": "GPL-3.0-or-later",
      "dependencies": {
        "bigint-isqrt": "^0.2.1",
        "random-bigint": "^0.0.1"
      }
    },
    "node_modules/bigint-isqrt": {
      "version": "0.2.1",
      "resolved": "https://registry.npmjs.org/bigint-isqrt/-/bigint-isqrt-0.2.1.tgz",
      "integrity": "sha512-x43s2Qx5l5ShFZFA5xejJfPtV1vXISyWUXlrZeJTx9F6D2ex3BR6AwWnIz4ITAu5nTy3hp+d+ClGu7qUGcgY8g=="
    },
    "node_modules/random-bigint": {
      "version": "0.0.1",
      "resolved": "https://registry.npmjs.org/random-bigint/-/random-bigint-0.0.1.tgz",
      "integrity": "sha512-X+NTsf5Hzl/tRNLiNTD3N1LRU0eKdIE0+plNlV1CmXLTlnAxj6HipcTnOhWvFRoSytCz6l1f4KYFf/iH8NNSLw==",
      "engines": {
        "node": ">=10.0.0"
      }
    }
  },
  "dependencies": {
    "bigint-isqrt": {
      "version": "0.2.1",
      "resolved": "https://registry.npmjs.org/bigint-isqrt/-/bigint-isqrt-0.2.1.tgz",
      "integrity": "sha512-x43s2Qx5l5ShFZFA5xejJfPtV1vXISyWUXlrZeJTx9F6D2ex3BR6AwWnIz4ITAu5nTy3hp+d+ClGu7qUGcgY8g=="
    },
    "random-bigint": {
      "version": "0.0.1",
      "resolved": "https://registry.npmjs.org/random-bigint/-/random-bigint-0.0.1.tgz",
      "integrity": "sha512-X+NTsf5Hzl/tRNLiNTD3N1LRU0eKdIE0+plNlV1CmXLTlnAxj6HipcTnOhWvFRoSytCz6l1f4KYFf/iH8NNSLw=="
    }
  }
}
